// !$*UTF8*$!
{
	archiveVersion = 1;
	classes = {
	};
	objectVersion = 46;
	objects = {

/* Begin PBXBuildFile section */
		BB27074A1ECEC62500346390 /* filteredVocabList.swift in Sources */ = {isa = PBXBuildFile; fileRef = BB2707491ECEC62500346390 /* filteredVocabList.swift */; };
		BBA5EEBA1ECDFD8100FC65AF /* AppDelegate.swift in Sources */ = {isa = PBXBuildFile; fileRef = BBA5EEB91ECDFD8100FC65AF /* AppDelegate.swift */; };
		BBA5EEBF1ECDFD8100FC65AF /* Main.storyboard in Resources */ = {isa = PBXBuildFile; fileRef = BBA5EEBD1ECDFD8100FC65AF /* Main.storyboard */; };
		BBA5EEC21ECDFD8100FC65AF /* japaneseWordBank.xcdatamodeld in Sources */ = {isa = PBXBuildFile; fileRef = BBA5EEC01ECDFD8100FC65AF /* japaneseWordBank.xcdatamodeld */; };
		BBA5EEC41ECDFD8100FC65AF /* Assets.xcassets in Resources */ = {isa = PBXBuildFile; fileRef = BBA5EEC31ECDFD8100FC65AF /* Assets.xcassets */; };
		BBA5EEC71ECDFD8100FC65AF /* LaunchScreen.storyboard in Resources */ = {isa = PBXBuildFile; fileRef = BBA5EEC51ECDFD8100FC65AF /* LaunchScreen.storyboard */; };
		BBA5EECF1ECE016D00FC65AF /* globalVariable.swift in Sources */ = {isa = PBXBuildFile; fileRef = BBA5EECE1ECE016D00FC65AF /* globalVariable.swift */; };
		BBA5EED11ECE02EB00FC65AF /* VocabTableViewController.swift in Sources */ = {isa = PBXBuildFile; fileRef = BBA5EED01ECE02EB00FC65AF /* VocabTableViewController.swift */; };
		BBA5EED31ECE053200FC65AF /* vocabList.swift in Sources */ = {isa = PBXBuildFile; fileRef = BBA5EED21ECE053200FC65AF /* vocabList.swift */; };
		BBA5EED51ECE0C5C00FC65AF /* vocabTableViewCell.swift in Sources */ = {isa = PBXBuildFile; fileRef = BBA5EED41ECE0C5C00FC65AF /* vocabTableViewCell.swift */; };
		BBA5EED71ECE167700FC65AF /* HomeController.swift in Sources */ = {isa = PBXBuildFile; fileRef = BBA5EED61ECE167700FC65AF /* HomeController.swift */; };
		BBA5EEDB1ECE1BB500FC65AF /* SelectionMenuController.swift in Sources */ = {isa = PBXBuildFile; fileRef = BBA5EEDA1ECE1BB500FC65AF /* SelectionMenuController.swift */; };
/* End PBXBuildFile section */

/* Begin PBXFileReference section */
		BB2707491ECEC62500346390 /* filteredVocabList.swift */ = {isa = PBXFileReference; fileEncoding = 4; lastKnownFileType = sourcecode.swift; path = filteredVocabList.swift; sourceTree = "<group>"; };
		BBA5EEB61ECDFD8100FC65AF /* japaneseWordBank.app */ = {isa = PBXFileReference; explicitFileType = wrapper.application; includeInIndex = 0; path = japaneseWordBank.app; sourceTree = BUILT_PRODUCTS_DIR; };
		BBA5EEB91ECDFD8100FC65AF /* AppDelegate.swift */ = {isa = PBXFileReference; lastKnownFileType = sourcecode.swift; path = AppDelegate.swift; sourceTree = "<group>"; };
		BBA5EEBE1ECDFD8100FC65AF /* Base */ = {isa = PBXFileReference; lastKnownFileType = file.storyboard; name = Base; path = Base.lproj/Main.storyboard; sourceTree = "<group>"; };
		BBA5EEC11ECDFD8100FC65AF /* japaneseWordBank.xcdatamodel */ = {isa = PBXFileReference; lastKnownFileType = wrapper.xcdatamodel; path = japaneseWordBank.xcdatamodel; sourceTree = "<group>"; };
		BBA5EEC31ECDFD8100FC65AF /* Assets.xcassets */ = {isa = PBXFileReference; lastKnownFileType = folder.assetcatalog; path = Assets.xcassets; sourceTree = "<group>"; };
		BBA5EEC61ECDFD8100FC65AF /* Base */ = {isa = PBXFileReference; lastKnownFileType = file.storyboard; name = Base; path = Base.lproj/LaunchScreen.storyboard; sourceTree = "<group>"; };
		BBA5EEC81ECDFD8100FC65AF /* Info.plist */ = {isa = PBXFileReference; lastKnownFileType = text.plist.xml; path = Info.plist; sourceTree = "<group>"; };
		BBA5EECE1ECE016D00FC65AF /* globalVariable.swift */ = {isa = PBXFileReference; fileEncoding = 4; lastKnownFileType = sourcecode.swift; path = globalVariable.swift; sourceTree = "<group>"; };
		BBA5EED01ECE02EB00FC65AF /* VocabTableViewController.swift */ = {isa = PBXFileReference; fileEncoding = 4; lastKnownFileType = sourcecode.swift; path = VocabTableViewController.swift; sourceTree = "<group>"; };
		BBA5EED21ECE053200FC65AF /* vocabList.swift */ = {isa = PBXFileReference; fileEncoding = 4; lastKnownFileType = sourcecode.swift; path = vocabList.swift; sourceTree = "<group>"; };
		BBA5EED41ECE0C5C00FC65AF /* vocabTableViewCell.swift */ = {isa = PBXFileReference; fileEncoding = 4; lastKnownFileType = sourcecode.swift; path = vocabTableViewCell.swift; sourceTree = "<group>"; };
		BBA5EED61ECE167700FC65AF /* HomeController.swift */ = {isa = PBXFileReference; fileEncoding = 4; lastKnownFileType = sourcecode.swift; path = HomeController.swift; sourceTree = "<group>"; };
		BBA5EEDA1ECE1BB500FC65AF /* SelectionMenuController.swift */ = {isa = PBXFileReference; fileEncoding = 4; lastKnownFileType = sourcecode.swift; path = SelectionMenuController.swift; sourceTree = "<group>"; };
/* End PBXFileReference section */

/* Begin PBXFrameworksBuildPhase section */
		BBA5EEB31ECDFD8100FC65AF /* Frameworks */ = {
			isa = PBXFrameworksBuildPhase;
			buildActionMask = 2147483647;
			files = (
			);
			runOnlyForDeploymentPostprocessing = 0;
		};
/* End PBXFrameworksBuildPhase section */

/* Begin PBXGroup section */
		BBA5EEAD1ECDFD8100FC65AF = {
			isa = PBXGroup;
			children = (
				BBA5EEB81ECDFD8100FC65AF /* japaneseWordBank */,
				BBA5EEB71ECDFD8100FC65AF /* Products */,
			);
			sourceTree = "<group>";
		};
		BBA5EEB71ECDFD8100FC65AF /* Products */ = {
			isa = PBXGroup;
			children = (
				BBA5EEB61ECDFD8100FC65AF /* japaneseWordBank.app */,
			);
			name = Products;
			sourceTree = "<group>";
		};
		BBA5EEB81ECDFD8100FC65AF /* japaneseWordBank */ = {
			isa = PBXGroup;
			children = (
				BBA5EEB91ECDFD8100FC65AF /* AppDelegate.swift */,
				BBA5EEDA1ECE1BB500FC65AF /* SelectionMenuController.swift */,
				BBA5EED61ECE167700FC65AF /* HomeController.swift */,
				BBA5EED01ECE02EB00FC65AF /* VocabTableViewController.swift */,
				BBA5EED41ECE0C5C00FC65AF /* vocabTableViewCell.swift */,
				BBA5EED21ECE053200FC65AF /* vocabList.swift */,
				BB2707491ECEC62500346390 /* filteredVocabList.swift */,
				BBA5EECE1ECE016D00FC65AF /* globalVariable.swift */,
				BBA5EEBD1ECDFD8100FC65AF /* Main.storyboard */,
				BBA5EEC31ECDFD8100FC65AF /* Assets.xcassets */,
				BBA5EEC51ECDFD8100FC65AF /* LaunchScreen.storyboard */,
				BBA5EEC81ECDFD8100FC65AF /* Info.plist */,
				BBA5EEC01ECDFD8100FC65AF /* japaneseWordBank.xcdatamodeld */,
			);
			path = japaneseWordBank;
			sourceTree = "<group>";
		};
/* End PBXGroup section */

/* Begin PBXNativeTarget section */
		BBA5EEB51ECDFD8100FC65AF /* japaneseWordBank */ = {
			isa = PBXNativeTarget;
			buildConfigurationList = BBA5EECB1ECDFD8100FC65AF /* Build configuration list for PBXNativeTarget "japaneseWordBank" */;
			buildPhases = (
				BBA5EEB21ECDFD8100FC65AF /* Sources */,
				BBA5EEB31ECDFD8100FC65AF /* Frameworks */,
				BBA5EEB41ECDFD8100FC65AF /* Resources */,
			);
			buildRules = (
			);
			dependencies = (
			);
			name = japaneseWordBank;
			productName = japaneseWordBank;
			productReference = BBA5EEB61ECDFD8100FC65AF /* japaneseWordBank.app */;
			productType = "com.apple.product-type.application";
		};
/* End PBXNativeTarget section */

/* Begin PBXProject section */
		BBA5EEAE1ECDFD8100FC65AF /* Project object */ = {
			isa = PBXProject;
			attributes = {
				LastSwiftUpdateCheck = 0830;
				LastUpgradeCheck = 0830;
				ORGANIZATIONNAME = RAYW2;
				TargetAttributes = {
					BBA5EEB51ECDFD8100FC65AF = {
						CreatedOnToolsVersion = 8.3.2;
						DevelopmentTeam = TS38G64292;
						ProvisioningStyle = Automatic;
					};
				};
			};
			buildConfigurationList = BBA5EEB11ECDFD8100FC65AF /* Build configuration list for PBXProject "japaneseWordBank" */;
			compatibilityVersion = "Xcode 3.2";
			developmentRegion = English;
			hasScannedForEncodings = 0;
			knownRegions = (
				en,
				Base,
			);
			mainGroup = BBA5EEAD1ECDFD8100FC65AF;
			productRefGroup = BBA5EEB71ECDFD8100FC65AF /* Products */;
			projectDirPath = "";
			projectRoot = "";
			targets = (
				BBA5EEB51ECDFD8100FC65AF /* japaneseWordBank */,
			);
		};
/* End PBXProject section */

/* Begin PBXResourcesBuildPhase section */
		BBA5EEB41ECDFD8100FC65AF /* Resources */ = {
			isa = PBXResourcesBuildPhase;
			buildActionMask = 2147483647;
			files = (
				BBA5EEC71ECDFD8100FC65AF /* LaunchScreen.storyboard in Resources */,
				BBA5EEC41ECDFD8100FC65AF /* Assets.xcassets in Resources */,
				BBA5EEBF1ECDFD8100FC65AF /* Main.storyboard in Resources */,
			);
			runOnlyForDeploymentPostprocessing = 0;
		};
/* End PBXResourcesBuildPhase section */

/* Begin PBXSourcesBuildPhase section */
		BBA5EEB21ECDFD8100FC65AF /* Sources */ = {
			isa = PBXSourcesBuildPhase;
			buildActionMask = 2147483647;
			files = (
				BB27074A1ECEC62500346390 /* filteredVocabList.swift in Sources */,
				BBA5EEC21ECDFD8100FC65AF /* japaneseWordBank.xcdatamodeld in Sources */,
				BBA5EED31ECE053200FC65AF /* vocabList.swift in Sources */,
				BBA5EED71ECE167700FC65AF /* HomeController.swift in Sources */,
				BBA5EECF1ECE016D00FC65AF /* globalVariable.swift in Sources */,
				BBA5EEBA1ECDFD8100FC65AF /* AppDelegate.swift in Sources */,
				BBA5EED11ECE02EB00FC65AF /* VocabTableViewController.swift in Sources */,
				BBA5EED51ECE0C5C00FC65AF /* vocabTableViewCell.swift in Sources */,
				BBA5EEDB1ECE1BB500FC65AF /* SelectionMenuController.swift in Sources */,
			);
			runOnlyForDeploymentPostprocessing = 0;
		};
/* End PBXSourcesBuildPhase section */

/* Begin PBXVariantGroup section */
		BBA5EEBD1ECDFD8100FC65AF /* Main.storyboard */ = {
			isa = PBXVariantGroup;
			children = (
				BBA5EEBE1ECDFD8100FC65AF /* Base */,
			);
			name = Main.storyboard;
			sourceTree = "<group>";
		};
		BBA5EEC51ECDFD8100FC65AF /* LaunchScreen.storyboard */ = {
			isa = PBXVariantGroup;
			children = (
				BBA5EEC61ECDFD8100FC65AF /* Base */,
			);
			name = LaunchScreen.storyboard;
			sourceTree = "<group>";
		};
/* End PBXVariantGroup section */

/* Begin XCBuildConfiguration section */
		BBA5EEC91ECDFD8100FC65AF /* Debug */ = {
			isa = XCBuildConfiguration;
			buildSettings = {
				ALWAYS_SEARCH_USER_PATHS = NO;
				CLANG_ANALYZER_NONNULL = YES;
				CLANG_ANALYZER_NUMBER_OBJECT_CONVERSION = YES_AGGRESSIVE;
				CLANG_CXX_LANGUAGE_STANDARD = "gnu++0x";
				CLANG_CXX_LIBRARY = "libc++";
				CLANG_ENABLE_MODULES = YES;
				CLANG_ENABLE_OBJC_ARC = YES;
				CLANG_WARN_BOOL_CONVERSION = YES;
				CLANG_WARN_CONSTANT_CONVERSION = YES;
				CLANG_WARN_DIRECT_OBJC_ISA_USAGE = YES_ERROR;
				CLANG_WARN_DOCUMENTATION_COMMENTS = YES;
				CLANG_WARN_EMPTY_BODY = YES;
				CLANG_WARN_ENUM_CONVERSION = YES;
				CLANG_WARN_INFINITE_RECURSION = YES;
				CLANG_WARN_INT_CONVERSION = YES;
				CLANG_WARN_OBJC_ROOT_CLASS = YES_ERROR;
				CLANG_WARN_SUSPICIOUS_MOVE = YES;
				CLANG_WARN_UNREACHABLE_CODE = YES;
				CLANG_WARN__DUPLICATE_METHOD_MATCH = YES;
				"CODE_SIGN_IDENTITY[sdk=iphoneos*]" = "iPhone Developer";
				COPY_PHASE_STRIP = NO;
				DEBUG_INFORMATION_FORMAT = dwarf;
				ENABLE_STRICT_OBJC_MSGSEND = YES;
				ENABLE_TESTABILITY = YES;
				GCC_C_LANGUAGE_STANDARD = gnu99;
				GCC_DYNAMIC_NO_PIC = NO;
				GCC_NO_COMMON_BLOCKS = YES;
				GCC_OPTIMIZATION_LEVEL = 0;
				GCC_PREPROCESSOR_DEFINITIONS = (
					"DEBUG=1",
					"$(inherited)",
				);
				GCC_WARN_64_TO_32_BIT_CONVERSION = YES;
				GCC_WARN_ABOUT_RETURN_TYPE = YES_ERROR;
				GCC_WARN_UNDECLARED_SELECTOR = YES;
				GCC_WARN_UNINITIALIZED_AUTOS = YES_AGGRESSIVE;
				GCC_WARN_UNUSED_FUNCTION = YES;
				GCC_WARN_UNUSED_VARIABLE = YES;
				IPHONEOS_DEPLOYMENT_TARGET = 10.3;
				MTL_ENABLE_DEBUG_INFO = YES;
				ONLY_ACTIVE_ARCH = YES;
				SDKROOT = iphoneos;
				SWIFT_ACTIVE_COMPILATION_CONDITIONS = DEBUG;
				SWIFT_OPTIMIZATION_LEVEL = "-Onone";
			};
			name = Debug;
		};
		BBA5EECA1ECDFD8100FC65AF /* Release */ = {
			isa = XCBuildConfiguration;
			buildSettings = {
				ALWAYS_SEARCH_USER_PATHS = NO;
				CLANG_ANALYZER_NONNULL = YES;
				CLANG_ANALYZER_NUMBER_OBJECT_CONVERSION = YES_AGGRESSIVE;
				CLANG_CXX_LANGUAGE_STANDARD = "gnu++0x";
				CLANG_CXX_LIBRARY = "libc++";
				CLANG_ENABLE_MODULES = YES;
				CLANG_ENABLE_OBJC_ARC = YES;
				CLANG_WARN_BOOL_CONVERSION = YES;
				CLANG_WARN_CONSTANT_CONVERSION = YES;
				CLANG_WARN_DIRECT_OBJC_ISA_USAGE = YES_ERROR;
				CLANG_WARN_DOCUMENTATION_COMMENTS = YES;
				CLANG_WARN_EMPTY_BODY = YES;
				CLANG_WARN_ENUM_CONVERSION = YES;
				CLANG_WARN_INFINITE_RECURSION = YES;
				CLANG_WARN_INT_CONVERSION = YES;
				CLANG_WARN_OBJC_ROOT_CLASS = YES_ERROR;
				CLANG_WARN_SUSPICIOUS_MOVE = YES;
				CLANG_WARN_UNREACHABLE_CODE = YES;
				CLANG_WARN__DUPLICATE_METHOD_MATCH = YES;
				"CODE_SIGN_IDENTITY[sdk=iphoneos*]" = "iPhone Developer";
				COPY_PHASE_STRIP = NO;
				DEBUG_INFORMATION_FORMAT = "dwarf-with-dsym";
				ENABLE_NS_ASSERTIONS = NO;
				ENABLE_STRICT_OBJC_MSGSEND = YES;
				GCC_C_LANGUAGE_STANDARD = gnu99;
				GCC_NO_COMMON_BLOCKS = YES;
				GCC_WARN_64_TO_32_BIT_CONVERSION = YES;
				GCC_WARN_ABOUT_RETURN_TYPE = YES_ERROR;
				GCC_WARN_UNDECLARED_SELECTOR = YES;
				GCC_WARN_UNINITIALIZED_AUTOS = YES_AGGRESSIVE;
				GCC_WARN_UNUSED_FUNCTION = YES;
				GCC_WARN_UNUSED_VARIABLE = YES;
				IPHONEOS_DEPLOYMENT_TARGET = 10.3;
				MTL_ENABLE_DEBUG_INFO = NO;
				SDKROOT = iphoneos;
				SWIFT_OPTIMIZATION_LEVEL = "-Owholemodule";
				VALIDATE_PRODUCT = YES;
			};
			name = Release;
		};
		BBA5EECC1ECDFD8100FC65AF /* Debug */ = {
			isa = XCBuildConfiguration;
			buildSettings = {
				ASSETCATALOG_COMPILER_APPICON_NAME = AppIcon;
				DEVELOPMENT_TEAM = TS38G64292;
				INFOPLIST_FILE = japaneseWordBank/Info.plist;
				IPHONEOS_DEPLOYMENT_TARGET = 10.0;
				LD_RUNPATH_SEARCH_PATHS = "$(inherited) @executable_path/Frameworks";
				PRODUCT_BUNDLE_IDENTIFIER = com.RAYW2.japaneseWordBank;
				PRODUCT_NAME = "$(TARGET_NAME)";
				SWIFT_VERSION = 3.0;
			};
			name = Debug;
		};
		BBA5EECD1ECDFD8100FC65AF /* Release */ = {
			isa = XCBuildConfiguration;
			buildSettings = {
				ASSETCATALOG_COMPILER_APPICON_NAME = AppIcon;
				DEVELOPMENT_TEAM = TS38G64292;
				INFOPLIST_FILE = japaneseWordBank/Info.plist;
				IPHONEOS_DEPLOYMENT_TARGET = 10.0;
				LD_RUNPATH_SEARCH_PATHS = "$(inherited) @executable_path/Frameworks";
				PRODUCT_BUNDLE_IDENTIFIER = com.RAYW2.japaneseWordBank;
				PRODUCT_NAME = "$(TARGET_NAME)";
				SWIFT_VERSION = 3.0;
			};
			name = Release;
		};
/* End XCBuildConfiguration section */

/* Begin XCConfigurationList section */
		BBA5EEB11ECDFD8100FC65AF /* Build configuration list for PBXProject "japaneseWordBank" */ = {
			isa = XCConfigurationList;
			buildConfigurations = (
				BBA5EEC91ECDFD8100FC65AF /* Debug */,
				BBA5EECA1ECDFD8100FC65AF /* Release */,
			);
			defaultConfigurationIsVisible = 0;
			defaultConfigurationName = Release;
		};
		BBA5EECB1ECDFD8100FC65AF /* Build configuration list for PBXNativeTarget "japaneseWordBank" */ = {
			isa = XCConfigurationList;
			buildConfigurations = (
				BBA5EECC1ECDFD8100FC65AF /* Debug */,
				BBA5EECD1ECDFD8100FC65AF /* Release */,
			);
			defaultConfigurationIsVisible = 0;
			defaultConfigurationName = Release;
		};
/* End XCConfigurationList section */

/* Begin XCVersionGroup section */
		BBA5EEC01ECDFD8100FC65AF /* japaneseWordBank.xcdatamodeld */ = {
			isa = XCVersionGroup;
			children = (
				BBA5EEC11ECDFD8100FC65AF /* japaneseWordBank.xcdatamodel */,
			);
			currentVersion = BBA5EEC11ECDFD8100FC65AF /* japaneseWordBank.xcdatamodel */;
			path = japaneseWordBank.xcdatamodeld;
			sourceTree = "<group>";
			versionGroupType = wrapper.xcdatamodel;
		};
/* End XCVersionGroup section */
	};
	rootObject = BBA5EEAE1ECDFD8100FC65AF /* Project object */;
}
